<?xml version="1.0" encoding="utf-8"?>
<Project ToolsVersion="4.0" xmlns="http://schemas.microsoft.com/developer/msbuild/2003">
  <ItemGroup>
    <Filter Include="Archivos de origen">
      <UniqueIdentifier>{4FC737F1-C7A5-4376-A066-2A32D752A2FF}</UniqueIdentifier>
      <Extensions>cpp;c;cc;cxx;def;odl;idl;hpj;bat;asm;asmx</Extensions>
    </Filter>
    <Filter Include="Archivos de encabezado">
      <UniqueIdentifier>{93995380-89BD-4b04-88EB-625FBE52EBFB}</UniqueIdentifier>
      <Extensions>h;hh;hpp;hxx;hm;inl;inc;ipp;xsd</Extensions>
    </Filter>
    <Filter Include="Archivos de recursos">
      <UniqueIdentifier>{67DA6AB6-F800-4c08-8B7A-83BB121AAD01}</UniqueIdentifier>
      <Extensions>rc;ico;cur;bmp;dlg;rc2;rct;bin;rgs;gif;jpg;jpeg;jpe;resx;tiff;tif;png;wav;mfcribbon-ms</Extensions>
    </Filter>
    <Filter Include="Archivos de encabezado\Components">
      <UniqueIdentifier>{e0088670-df9c-4464-9fc2-3d723320b3db}</UniqueIdentifier>
    </Filter>
    <Filter Include="Archivos de encabezado\Entities">
      <UniqueIdentifier>{8c9bca1d-8eb8-4696-8989-9a040368fc44}</UniqueIdentifier>
    </Filter>
    <Filter Include="Archivos de encabezado\Resources">
      <UniqueIdentifier>{1cff9a53-f3bc-46d6-8a61-246db12f9bd3}</UniqueIdentifier>
    </Filter>
    <Filter Include="Archivos de encabezado\Systems">
      <UniqueIdentifier>{281e301f-3cf4-4cb3-81e9-26b56fc5923b}</UniqueIdentifier>
    </Filter>
    <Filter Include="Archivos de encabezado\Utils">
      <UniqueIdentifier>{f238ccfd-c25c-4504-9f06-98d64b1cf930}</UniqueIdentifier>
    </Filter>
    <Filter Include="Archivos de origen\Utils">
      <UniqueIdentifier>{f0bf88e8-b2a5-4335-b766-305a2b8ad411}</UniqueIdentifier>
    </Filter>
    <Filter Include="Archivos de origen\Systems">
      <UniqueIdentifier>{3582b2e2-2371-4856-8957-8bc7c820f9e9}</UniqueIdentifier>
    </Filter>
    <Filter Include="Archivos de origen\Resources">
      <UniqueIdentifier>{9bfcf15d-efd0-4a5d-bd3b-6fb7066ecd42}</UniqueIdentifier>
    </Filter>
    <Filter Include="Archivos de origen\Entities">
      <UniqueIdentifier>{557431f7-39bf-4876-a280-648c70dd38f7}</UniqueIdentifier>
    </Filter>
  </ItemGroup>
  <ItemGroup>
    <ClInclude Include="..\..\src\Practica4\PacMan.h">
      <Filter>Archivos de encabezado</Filter>
    </ClInclude>
    <ClInclude Include="..\..\src\Practica4\SDLGame.h">
      <Filter>Archivos de encabezado</Filter>
    </ClInclude>
    <ClInclude Include="..\..\src\Practica4\Component.h">
      <Filter>Archivos de encabezado\Components</Filter>
    </ClInclude>
    <ClInclude Include="..\..\src\Practica4\GameState.h">
      <Filter>Archivos de encabezado\Components</Filter>
    </ClInclude>
    <ClInclude Include="..\..\src\Practica4\Transform.h">
      <Filter>Archivos de encabezado\Components</Filter>
    </ClInclude>
    <ClInclude Include="..\..\src\Practica4\Entity.h">
      <Filter>Archivos de encabezado\Entities</Filter>
    </ClInclude>
    <ClInclude Include="..\..\src\Practica4\ObjectPool.h">
      <Filter>Archivos de encabezado\Entities</Filter>
    </ClInclude>
    <ClInclude Include="..\..\src\Practica4\ObjectFactory.h">
      <Filter>Archivos de encabezado\Entities</Filter>
    </ClInclude>
    <ClInclude Include="..\..\src\Practica4\FoodPool.h">
      <Filter>Archivos de encabezado\Entities</Filter>
    </ClInclude>
    <ClInclude Include="..\..\src\Practica4\GhostsPool.h">
      <Filter>Archivos de encabezado\Entities</Filter>
    </ClInclude>
    <ClInclude Include="..\..\src\Practica4\TexturesManager.h">
      <Filter>Archivos de encabezado\Resources</Filter>
    </ClInclude>
    <ClInclude Include="..\..\src\Practica4\AudioManager.h">
      <Filter>Archivos de encabezado\Resources</Filter>
    </ClInclude>
    <ClInclude Include="..\..\src\Practica4\Font.h">
      <Filter>Archivos de encabezado\Resources</Filter>
    </ClInclude>
    <ClInclude Include="..\..\src\Practica4\FontsManager.h">
      <Filter>Archivos de encabezado\Resources</Filter>
    </ClInclude>
    <ClInclude Include="..\..\src\Practica4\Resources.h">
      <Filter>Archivos de encabezado\Resources</Filter>
    </ClInclude>
    <ClInclude Include="..\..\src\Practica4\SDLAudioManager.h">
      <Filter>Archivos de encabezado\Resources</Filter>
    </ClInclude>
    <ClInclude Include="..\..\src\Practica4\SDLFontsManager.h">
      <Filter>Archivos de encabezado\Resources</Filter>
    </ClInclude>
    <ClInclude Include="..\..\src\Practica4\Texture.h">
      <Filter>Archivos de encabezado\Resources</Filter>
    </ClInclude>
    <ClInclude Include="..\..\src\Practica4\CollisionSystem.h">
      <Filter>Archivos de encabezado\Systems</Filter>
    </ClInclude>
    <ClInclude Include="..\..\src\Practica4\FoodSystem.h">
      <Filter>Archivos de encabezado\Systems</Filter>
    </ClInclude>
    <ClInclude Include="..\..\src\Practica4\GameCtrlSystem.h">
      <Filter>Archivos de encabezado\Systems</Filter>
    </ClInclude>
    <ClInclude Include="..\..\src\Practica4\GhostsSystem.h">
      <Filter>Archivos de encabezado\Systems</Filter>
    </ClInclude>
    <ClInclude Include="..\..\src\Practica4\PacManSystem.h">
      <Filter>Archivos de encabezado\Systems</Filter>
    </ClInclude>
    <ClInclude Include="..\..\src\Practica4\RenderSystem.h">
      <Filter>Archivos de encabezado\Systems</Filter>
    </ClInclude>
    <ClInclude Include="..\..\src\Practica4\Collisions.h">
      <Filter>Archivos de encabezado\Utils</Filter>
    </ClInclude>
    <ClInclude Include="..\..\src\Practica4\InputHandler.h">
      <Filter>Archivos de encabezado\Utils</Filter>
    </ClInclude>
    <ClInclude Include="..\..\src\Practica4\jute.h">
      <Filter>Archivos de encabezado\Utils</Filter>
    </ClInclude>
    <ClInclude Include="..\..\src\Practica4\RandomNumberGenerator.h">
      <Filter>Archivos de encabezado\Utils</Filter>
    </ClInclude>
    <ClInclude Include="..\..\src\Practica4\Singleton.h">
      <Filter>Archivos de encabezado\Utils</Filter>
    </ClInclude>
    <ClInclude Include="..\..\src\Practica4\SRandBasedGenerator.h">
      <Filter>Archivos de encabezado\Utils</Filter>
    </ClInclude>
    <ClInclude Include="..\..\src\Practica4\Vector2D.h">
      <Filter>Archivos de encabezado\Utils</Filter>
    </ClInclude>
    <ClInclude Include="..\..\src\Practica4\SDLTexturesManager.h">
      <Filter>Archivos de encabezado\Resources</Filter>
    </ClInclude>
    <ClInclude Include="..\..\src\Practica4\System.h">
      <Filter>Archivos de encabezado\Systems</Filter>
    </ClInclude>
    <ClInclude Include="..\..\src\Practica4\AnimatedImage.h">
      <Filter>Archivos de encabezado\Components</Filter>
    </ClInclude>
    <ClInclude Include="..\..\src\Practica4\ECS.h">
      <Filter>Archivos de encabezado</Filter>
    </ClInclude>
    <ClInclude Include="..\..\src\Practica4\Image.h">
      <Filter>Archivos de encabezado\Components</Filter>
    </ClInclude>
    <ClInclude Include="..\..\src\Practica4\DefaultFactory.h">
      <Filter>Archivos de encabezado\Entities</Filter>
    </ClInclude>
    <ClInclude Include="..\..\src\Practica4\EntityManager.h">
      <Filter>Archivos de encabezado\Entities</Filter>
    </ClInclude>
    <ClInclude Include="..\..\src\Practica4\MemoryPool.h">
      <Filter>Archivos de encabezado\Entities</Filter>
    </ClInclude>
    <ClInclude Include="..\..\src\Practica4\SDL_Macros.h">
      <Filter>Archivos de encabezado\Utils</Filter>
    </ClInclude>
    <ClInclude Include="..\..\src\Practica4\Messages.h">
      <Filter>Archivos de encabezado\Utils</Filter>
    </ClInclude>
    <ClInclude Include="..\..\src\Practica4\checkML.h">
      <Filter>Archivos de encabezado\Utils</Filter>
    </ClInclude>
    <ClInclude Include="..\..\src\Practica4\AudioSystem.h">
      <Filter>Archivos de encabezado\Systems</Filter>
    </ClInclude>
  </ItemGroup>
  <ItemGroup>
    <ClCompile Include="..\..\src\Practica4\Entity.cpp">
      <Filter>Archivos de origen\Entities</Filter>
    </ClCompile>
    <ClCompile Include="..\..\src\Practica4\AudioManager.cpp">
      <Filter>Archivos de origen\Resources</Filter>
    </ClCompile>
    <ClCompile Include="..\..\src\Practica4\Font.cpp">
      <Filter>Archivos de origen\Resources</Filter>
    </ClCompile>
    <ClCompile Include="..\..\src\Practica4\FontsManager.cpp">
      <Filter>Archivos de origen\Resources</Filter>
    </ClCompile>
    <ClCompile Include="..\..\src\Practica4\Resources.cpp">
      <Filter>Archivos de origen\Resources</Filter>
    </ClCompile>
    <ClCompile Include="..\..\src\Practica4\SDLAudioManager.cpp">
      <Filter>Archivos de origen\Resources</Filter>
    </ClCompile>
    <ClCompile Include="..\..\src\Practica4\SDLFontsManager.cpp">
      <Filter>Archivos de origen\Resources</Filter>
    </ClCompile>
    <ClCompile Include="..\..\src\Practica4\SDLTexturesManager.cpp">
      <Filter>Archivos de origen\Resources</Filter>
    </ClCompile>
    <ClCompile Include="..\..\src\Practica4\TexturesManager.cpp">
      <Filter>Archivos de origen\Resources</Filter>
    </ClCompile>
    <ClCompile Include="..\..\src\Practica4\Texture.cpp">
      <Filter>Archivos de origen\Resources</Filter>
    </ClCompile>
    <ClCompile Include="..\..\src\Practica4\CollisionSystem.cpp">
      <Filter>Archivos de origen\Systems</Filter>
    </ClCompile>
    <ClCompile Include="..\..\src\Practica4\FoodSystem.cpp">
      <Filter>Archivos de origen\Systems</Filter>
    </ClCompile>
    <ClCompile Include="..\..\src\Practica4\GameCtrlSystem.cpp">
      <Filter>Archivos de origen\Systems</Filter>
    </ClCompile>
    <ClCompile Include="..\..\src\Practica4\GhostsSystem.cpp">
      <Filter>Archivos de origen\Systems</Filter>
    </ClCompile>
    <ClCompile Include="..\..\src\Practica4\PacManSystem.cpp">
      <Filter>Archivos de origen\Systems</Filter>
    </ClCompile>
    <ClCompile Include="..\..\src\Practica4\RenderSystem.cpp">
      <Filter>Archivos de origen\Systems</Filter>
    </ClCompile>
    <ClCompile Include="..\..\src\Practica4\Collisions.cpp">
      <Filter>Archivos de origen\Utils</Filter>
    </ClCompile>
    <ClCompile Include="..\..\src\Practica4\InputHandler.cpp">
      <Filter>Archivos de origen\Utils</Filter>
    </ClCompile>
    <ClCompile Include="..\..\src\Practica4\jute.cpp">
      <Filter>Archivos de origen\Utils</Filter>
    </ClCompile>
    <ClCompile Include="..\..\src\Practica4\Vector2D.cpp">
      <Filter>Archivos de origen\Utils</Filter>
    </ClCompile>
    <ClCompile Include="..\..\src\Practica4\SRandBasedGenerator.cpp">
      <Filter>Archivos de origen\Utils</Filter>
    </ClCompile>
    <ClCompile Include="..\..\src\Practica4\RandomNumberGenerator.cpp">
      <Filter>Archivos de origen\Utils</Filter>
    </ClCompile>
    <ClCompile Include="..\..\src\Practica4\PacMan.cpp">
      <Filter>Archivos de origen</Filter>
    </ClCompile>
    <ClCompile Include="..\..\src\Practica4\SDLGame.cpp">
      <Filter>Archivos de origen</Filter>
    </ClCompile>
    <ClCompile Include="..\..\src\Practica4\EntityManager.cpp">
      <Filter>Archivos de origen\Entities</Filter>
    </ClCompile>
    <ClCompile Include="..\..\src\Practica4\SDL_Macros.cpp">
      <Filter>Archivos de origen\Utils</Filter>
    </ClCompile>
    <ClCompile Include="..\..\src\Practica4\Main.cpp">
      <Filter>Archivos de origen</Filter>
    </ClCompile>
    <ClCompile Include="..\..\src\Practica4\AudioSystem.cpp">
      <Filter>Archivos de origen\Systems</Filter>
    </ClCompile>
  </ItemGroup>
</Project>